
Microsoft Visual Studio Solution File, Format Version 11.00
# Visual Studio 2010
Project("{FAE04EC0-301F-11D3-BF4B-00C04F79EFBC}") = "UnityEngine.UI", "UnityEngine.UI.csproj", "{eea6be0b-c00e-9ab8-6eb2-5936979c54a7}"
EndProject
Project("{FAE04EC0-301F-11D3-BF4B-00C04F79EFBC}") = "UnityEngine.TestRunner", "UnityEngine.TestRunner.csproj", "{f5abae5b-dd11-3f20-93ab-5e83fa72e1fe}"
EndProject
Project("{FAE04EC0-301F-11D3-BF4B-00C04F79EFBC}") = "PhotonUnityNetworking.Demos", "PhotonUnityNetworking.Demos.csproj", "{9ff62640-1689-6f4e-bcfc-235dc0fab560}"
EndProject
Project("{FAE04EC0-301F-11D3-BF4B-00C04F79EFBC}") = "PhotonUnityNetworking.Utilities", "PhotonUnityNetworking.Utilities.csproj", "{a05538db-5aa4-4bb7-138d-2c1b00760f92}"
EndProject
Project("{FAE04EC0-301F-11D3-BF4B-00C04F79EFBC}") = "Unity.TextMeshPro", "Unity.TextMeshPro.csproj", "{0928a2ec-1cbe-1432-801a-9b718e3bfefe}"
EndProject
Project("{FAE04EC0-301F-11D3-BF4B-00C04F79EFBC}") = "Assembly-CSharp", "Assembly-CSharp.csproj", "{37359452-5b5e-62eb-90c3-21282996a80b}"
EndProject
Project("{FAE04EC0-301F-11D3-BF4B-00C04F79EFBC}") = "Unity.Timeline", "Unity.Timeline.csproj", "{aaf310a2-539d-e0b9-c08a-49558589fd00}"
EndProject
Project("{FAE04EC0-301F-11D3-BF4B-00C04F79EFBC}") = "PhotonChat", "PhotonChat.csproj", "{17024562-5753-4cd6-e70b-05ebfbf3e7e8}"
EndProject
Project("{FAE04EC0-301F-11D3-BF4B-00C04F79EFBC}") = "PhotonUnityNetworking", "PhotonUnityNetworking.csproj", "{9ccf8f0d-bb15-8003-d9f5-75dd4e7057df}"
EndProject
Project("{FAE04EC0-301F-11D3-BF4B-00C04F79EFBC}") = "PhotonRealtime", "PhotonRealtime.csproj", "{1570a3a9-1dc9-ade1-2d78-c481baf9bbd9}"
EndProject
Project("{FAE04EC0-301F-11D3-BF4B-00C04F79EFBC}") = "UnityEditor.TestRunner", "UnityEditor.TestRunner.csproj", "{9172cf7d-529f-0f9d-1360-0fc72cdd284b}"
EndProject
Project("{FAE04EC0-301F-11D3-BF4B-00C04F79EFBC}") = "Unity.VisualStudio.Editor", "Unity.VisualStudio.Editor.csproj", "{a80731aa-4047-def7-4a6b-208dceaaac13}"
EndProject
Project("{FAE04EC0-301F-11D3-BF4B-00C04F79EFBC}") = "Unity.TextMeshPro.Editor", "Unity.TextMeshPro.Editor.csproj", "{4050ceea-bd52-b9f4-cfa7-7bfcb77a14ff}"
EndProject
Project("{FAE04EC0-301F-11D3-BF4B-00C04F79EFBC}") = "Unity.Timeline.Editor", "Unity.Timeline.Editor.csproj", "{4de9b1d5-d452-3c56-201e-0c31ef7d2fcd}"
EndProject
Project("{FAE04EC0-301F-11D3-BF4B-00C04F79EFBC}") = "Unity.PlasticSCM.Editor", "Unity.PlasticSCM.Editor.csproj", "{0d0072bd-d8b8-3091-4b2e-b0295c16d0a0}"
EndProject
Project("{FAE04EC0-301F-11D3-BF4B-00C04F79EFBC}") = "UnityEditor.UI", "UnityEditor.UI.csproj", "{19488b47-60f9-9cbd-ddb1-eebad89d4151}"
EndProject
Project("{FAE04EC0-301F-11D3-BF4B-00C04F79EFBC}") = "Unity.Rider.Editor", "Unity.Rider.Editor.csproj", "{71c837da-919d-f69d-c7c2-14d726e7b6ee}"
EndProject
Project("{FAE04EC0-301F-11D3-BF4B-00C04F79EFBC}") = "Unity.CollabProxy.Editor", "Unity.CollabProxy.Editor.csproj", "{acb6eae1-dd2d-8bef-f16c-7be0875d6456}"
EndProject
Project("{FAE04EC0-301F-11D3-BF4B-00C04F79EFBC}") = "Unity.VSCode.Editor", "Unity.VSCode.Editor.csproj", "{35f6a4fa-ecaa-a542-df23-3bd9fdc10cad}"
EndProject
Project("{FAE04EC0-301F-11D3-BF4B-00C04F79EFBC}") = "PhotonUnityNetworking.Editor", "PhotonUnityNetworking.Editor.csproj", "{2cf38998-825a-36fd-e677-527c81849692}"
EndProject
Project("{FAE04EC0-301F-11D3-BF4B-00C04F79EFBC}") = "PunDemos.DemoHubEditor", "PunDemos.DemoHubEditor.csproj", "{139159bd-de4c-255b-7f07-581549047e46}"
EndProject
Project("{FAE04EC0-301F-11D3-BF4B-00C04F79EFBC}") = "PhotonUnityNetworking.Utilities.PhotonPlayer.Editor", "PhotonUnityNetworking.Utilities.PhotonPlayer.Editor.csproj", "{cf8e6e6b-88e4-c644-233e-3f4f441d69a5}"
EndProject
Project("{FAE04EC0-301F-11D3-BF4B-00C04F79EFBC}") = "PhotonUnityNetworking.Utilities.Culling.Editor", "PhotonUnityNetworking.Utilities.Culling.Editor.csproj", "{88df9408-3539-48c5-2372-2df0dd02fd93}"
EndProject
Project("{FAE04EC0-301F-11D3-BF4B-00C04F79EFBC}") = "Assembly-CSharp-Editor", "Assembly-CSharp-Editor.csproj", "{6db7fc54-9624-507d-ab3c-441cebc8fc3a}"
EndProject
Project("{FAE04EC0-301F-11D3-BF4B-00C04F79EFBC}") = "PunDemos.DemoSlotcarEditor", "PunDemos.DemoSlotcarEditor.csproj", "{ad6e28dc-73cd-7276-aa23-f19b4a23ceec}"
EndProject
Project("{FAE04EC0-301F-11D3-BF4B-00C04F79EFBC}") = "Unity.Toolchain.Win-x86_64-Linux-x86_64", "Unity.Toolchain.Win-x86_64-Linux-x86_64.csproj", "{fff8b104-9907-5efe-718b-3416b6add509}"
EndProject
Project("{FAE04EC0-301F-11D3-BF4B-00C04F79EFBC}") = "Unity.SysrootPackage.Editor", "Unity.SysrootPackage.Editor.csproj", "{7c732ef3-b65c-178f-685d-218b07ca9e66}"
EndProject
Project("{FAE04EC0-301F-11D3-BF4B-00C04F79EFBC}") = "Unity.Sysroot.Linux_x86_64", "Unity.Sysroot.Linux_x86_64.csproj", "{027c6447-e4c5-0559-b193-b1dd3e5754eb}"
EndProject
Global
	GlobalSection(SolutionConfigurationPlatforms) = preSolution
		Debug|Any CPU = Debug|Any CPU
	EndGlobalSection
	GlobalSection(ProjectConfigurationPlatforms) = postSolution
		{eea6be0b-c00e-9ab8-6eb2-5936979c54a7}.Debug|Any CPU.ActiveCfg = Debug|Any CPU
		{eea6be0b-c00e-9ab8-6eb2-5936979c54a7}.Debug|Any CPU.Build.0 = Debug|Any CPU
		{f5abae5b-dd11-3f20-93ab-5e83fa72e1fe}.Debug|Any CPU.ActiveCfg = Debug|Any CPU
		{f5abae5b-dd11-3f20-93ab-5e83fa72e1fe}.Debug|Any CPU.Build.0 = Debug|Any CPU
		{9ff62640-1689-6f4e-bcfc-235dc0fab560}.Debug|Any CPU.ActiveCfg = Debug|Any CPU
		{9ff62640-1689-6f4e-bcfc-235dc0fab560}.Debug|Any CPU.Build.0 = Debug|Any CPU
		{a05538db-5aa4-4bb7-138d-2c1b00760f92}.Debug|Any CPU.ActiveCfg = Debug|Any CPU
		{a05538db-5aa4-4bb7-138d-2c1b00760f92}.Debug|Any CPU.Build.0 = Debug|Any CPU
		{0928a2ec-1cbe-1432-801a-9b718e3bfefe}.Debug|Any CPU.ActiveCfg = Debug|Any CPU
		{0928a2ec-1cbe-1432-801a-9b718e3bfefe}.Debug|Any CPU.Build.0 = Debug|Any CPU
		{37359452-5b5e-62eb-90c3-21282996a80b}.Debug|Any CPU.ActiveCfg = Debug|Any CPU
		{37359452-5b5e-62eb-90c3-21282996a80b}.Debug|Any CPU.Build.0 = Debug|Any CPU
		{aaf310a2-539d-e0b9-c08a-49558589fd00}.Debug|Any CPU.ActiveCfg = Debug|Any CPU
		{aaf310a2-539d-e0b9-c08a-49558589fd00}.Debug|Any CPU.Build.0 = Debug|Any CPU
		{17024562-5753-4cd6-e70b-05ebfbf3e7e8}.Debug|Any CPU.ActiveCfg = Debug|Any CPU
		{17024562-5753-4cd6-e70b-05ebfbf3e7e8}.Debug|Any CPU.Build.0 = Debug|Any CPU
		{9ccf8f0d-bb15-8003-d9f5-75dd4e7057df}.Debug|Any CPU.ActiveCfg = Debug|Any CPU
		{9ccf8f0d-bb15-8003-d9f5-75dd4e7057df}.Debug|Any CPU.Build.0 = Debug|Any CPU
		{1570a3a9-1dc9-ade1-2d78-c481baf9bbd9}.Debug|Any CPU.ActiveCfg = Debug|Any CPU
		{1570a3a9-1dc9-ade1-2d78-c481baf9bbd9}.Debug|Any CPU.Build.0 = Debug|Any CPU
		{9172cf7d-529f-0f9d-1360-0fc72cdd284b}.Debug|Any CPU.ActiveCfg = Debug|Any CPU
		{9172cf7d-529f-0f9d-1360-0fc72cdd284b}.Debug|Any CPU.Build.0 = Debug|Any CPU
		{a80731aa-4047-def7-4a6b-208dceaaac13}.Debug|Any CPU.ActiveCfg = Debug|Any CPU
		{a80731aa-4047-def7-4a6b-208dceaaac13}.Debug|Any CPU.Build.0 = Debug|Any CPU
		{4050ceea-bd52-b9f4-cfa7-7bfcb77a14ff}.Debug|Any CPU.ActiveCfg = Debug|Any CPU
		{4050ceea-bd52-b9f4-cfa7-7bfcb77a14ff}.Debug|Any CPU.Build.0 = Debug|Any CPU
		{4de9b1d5-d452-3c56-201e-0c31ef7d2fcd}.Debug|Any CPU.ActiveCfg = Debug|Any CPU
		{4de9b1d5-d452-3c56-201e-0c31ef7d2fcd}.Debug|Any CPU.Build.0 = Debug|Any CPU
		{0d0072bd-d8b8-3091-4b2e-b0295c16d0a0}.Debug|Any CPU.ActiveCfg = Debug|Any CPU
		{0d0072bd-d8b8-3091-4b2e-b0295c16d0a0}.Debug|Any CPU.Build.0 = Debug|Any CPU
		{19488b47-60f9-9cbd-ddb1-eebad89d4151}.Debug|Any CPU.ActiveCfg = Debug|Any CPU
		{19488b47-60f9-9cbd-ddb1-eebad89d4151}.Debug|Any CPU.Build.0 = Debug|Any CPU
		{71c837da-919d-f69d-c7c2-14d726e7b6ee}.Debug|Any CPU.ActiveCfg = Debug|Any CPU
		{71c837da-919d-f69d-c7c2-14d726e7b6ee}.Debug|Any CPU.Build.0 = Debug|Any CPU
		{acb6eae1-dd2d-8bef-f16c-7be0875d6456}.Debug|Any CPU.ActiveCfg = Debug|Any CPU
		{acb6eae1-dd2d-8bef-f16c-7be0875d6456}.Debug|Any CPU.Build.0 = Debug|Any CPU
		{35f6a4fa-ecaa-a542-df23-3bd9fdc10cad}.Debug|Any CPU.ActiveCfg = Debug|Any CPU
		{35f6a4fa-ecaa-a542-df23-3bd9fdc10cad}.Debug|Any CPU.Build.0 = Debug|Any CPU
		{2cf38998-825a-36fd-e677-527c81849692}.Debug|Any CPU.ActiveCfg = Debug|Any CPU
		{2cf38998-825a-36fd-e677-527c81849692}.Debug|Any CPU.Build.0 = Debug|Any CPU
		{139159bd-de4c-255b-7f07-581549047e46}.Debug|Any CPU.ActiveCfg = Debug|Any CPU
		{139159bd-de4c-255b-7f07-581549047e46}.Debug|Any CPU.Build.0 = Debug|Any CPU
		{cf8e6e6b-88e4-c644-233e-3f4f441d69a5}.Debug|Any CPU.ActiveCfg = Debug|Any CPU
		{cf8e6e6b-88e4-c644-233e-3f4f441d69a5}.Debug|Any CPU.Build.0 = Debug|Any CPU
		{88df9408-3539-48c5-2372-2df0dd02fd93}.Debug|Any CPU.ActiveCfg = Debug|Any CPU
		{88df9408-3539-48c5-2372-2df0dd02fd93}.Debug|Any CPU.Build.0 = Debug|Any CPU
		{6db7fc54-9624-507d-ab3c-441cebc8fc3a}.Debug|Any CPU.ActiveCfg = Debug|Any CPU
		{6db7fc54-9624-507d-ab3c-441cebc8fc3a}.Debug|Any CPU.Build.0 = Debug|Any CPU
		{ad6e28dc-73cd-7276-aa23-f19b4a23ceec}.Debug|Any CPU.ActiveCfg = Debug|Any CPU
		{ad6e28dc-73cd-7276-aa23-f19b4a23ceec}.Debug|Any CPU.Build.0 = Debug|Any CPU
		{fff8b104-9907-5efe-718b-3416b6add509}.Debug|Any CPU.ActiveCfg = Debug|Any CPU
		{fff8b104-9907-5efe-718b-3416b6add509}.Debug|Any CPU.Build.0 = Debug|Any CPU
		{7c732ef3-b65c-178f-685d-218b07ca9e66}.Debug|Any CPU.ActiveCfg = Debug|Any CPU
		{7c732ef3-b65c-178f-685d-218b07ca9e66}.Debug|Any CPU.Build.0 = Debug|Any CPU
		{027c6447-e4c5-0559-b193-b1dd3e5754eb}.Debug|Any CPU.ActiveCfg = Debug|Any CPU
		{027c6447-e4c5-0559-b193-b1dd3e5754eb}.Debug|Any CPU.Build.0 = Debug|Any CPU
	EndGlobalSection
	GlobalSection(SolutionProperties) = preSolution
		HideSolutionNode = FALSE
	EndGlobalSection
EndGlobal
